
Microsoft Visual Studio Solution File, Format Version 12.00
# Visual Studio 14
VisualStudioVersion = 14.0.25420.1
MinimumVisualStudioVersion = 10.0.40219.1
Project("{2150E333-8FDC-42A3-9474-1A3956D46DE8}") = "src", "src", "{EAE50C1D-1F6C-4CE0-8FC2-CFA8DB5F2BE5}"
EndProject
Project("{2150E333-8FDC-42A3-9474-1A3956D46DE8}") = "Solution Items", "Solution Items", "{9B297193-E07F-48CA-A1BD-D49DD77F04E0}"
	ProjectSection(SolutionItems) = preProject
		global.json = global.json
	EndProjectSection
EndProject
Project("{8BB2217D-0F2D-49D1-97BC-3654ED321F3B}") = "MailCore", "src\MailCore\MailCore.xproj", "{CCBED0FB-13E1-43F3-A6E6-427C66EDFFDB}"
EndProject
Project("{8BB2217D-0F2D-49D1-97BC-3654ED321F3B}") = "Mail.Smtp", "src\Mail.Smtp\Mail.Smtp.xproj", "{796A28D7-B334-4772-93A4-CAA7057934DB}"
EndProject
Project("{8BB2217D-0F2D-49D1-97BC-3654ED321F3B}") = "Mail.Server", "src\Mail.Server\Mail.Server.xproj", "{790F4891-09E1-420E-A87E-3F48C654C7F7}"
EndProject
Project("{8BB2217D-0F2D-49D1-97BC-3654ED321F3B}") = "Utility", "src\Utility\Utility.xproj", "{E570EA12-DA93-4E6D-B343-D953E59C85B9}"
EndProject
Project("{8BB2217D-0F2D-49D1-97BC-3654ED321F3B}") = "Utility.Test", "test\Utility.Test\Utility.Test.xproj", "{A1B705B7-3D85-4D79-ABB4-B059DEBBDC19}"
EndProject
Project("{2150E333-8FDC-42A3-9474-1A3956D46DE8}") = "test", "test", "{E83EA7A1-0714-448D-AADC-A5A3094D7651}"
EndProject
Project("{8BB2217D-0F2D-49D1-97BC-3654ED321F3B}") = "Mail.FileSystem", "src\Mail.FileSystem\Mail.FileSystem.xproj", "{7EF4ECA1-B7F3-4C95-8C44-1E65A9382455}"
EndProject
Global
	GlobalSection(SolutionConfigurationPlatforms) = preSolution
		Debug|Any CPU = Debug|Any CPU
		Release|Any CPU = Release|Any CPU
	EndGlobalSection
	GlobalSection(ProjectConfigurationPlatforms) = postSolution
		{CCBED0FB-13E1-43F3-A6E6-427C66EDFFDB}.Debug|Any CPU.ActiveCfg = Debug|Any CPU
		{CCBED0FB-13E1-43F3-A6E6-427C66EDFFDB}.Debug|Any CPU.Build.0 = Debug|Any CPU
		{CCBED0FB-13E1-43F3-A6E6-427C66EDFFDB}.Release|Any CPU.ActiveCfg = Release|Any CPU
		{CCBED0FB-13E1-43F3-A6E6-427C66EDFFDB}.Release|Any CPU.Build.0 = Release|Any CPU
		{796A28D7-B334-4772-93A4-CAA7057934DB}.Debug|Any CPU.ActiveCfg = Debug|Any CPU
		{796A28D7-B334-4772-93A4-CAA7057934DB}.Debug|Any CPU.Build.0 = Debug|Any CPU
		{796A28D7-B334-4772-93A4-CAA7057934DB}.Release|Any CPU.ActiveCfg = Release|Any CPU
		{796A28D7-B334-4772-93A4-CAA7057934DB}.Release|Any CPU.Build.0 = Release|Any CPU
		{790F4891-09E1-420E-A87E-3F48C654C7F7}.Debug|Any CPU.ActiveCfg = Debug|Any CPU
		{790F4891-09E1-420E-A87E-3F48C654C7F7}.Debug|Any CPU.Build.0 = Debug|Any CPU
		{790F4891-09E1-420E-A87E-3F48C654C7F7}.Release|Any CPU.ActiveCfg = Release|Any CPU
		{790F4891-09E1-420E-A87E-3F48C654C7F7}.Release|Any CPU.Build.0 = Release|Any CPU
		{E570EA12-DA93-4E6D-B343-D953E59C85B9}.Debug|Any CPU.ActiveCfg = Debug|Any CPU
		{E570EA12-DA93-4E6D-B343-D953E59C85B9}.Debug|Any CPU.Build.0 = Debug|Any CPU
		{E570EA12-DA93-4E6D-B343-D953E59C85B9}.Release|Any CPU.ActiveCfg = Release|Any CPU
		{E570EA12-DA93-4E6D-B343-D953E59C85B9}.Release|Any CPU.Build.0 = Release|Any CPU
		{A1B705B7-3D85-4D79-ABB4-B059DEBBDC19}.Debug|Any CPU.ActiveCfg = Debug|Any CPU
		{A1B705B7-3D85-4D79-ABB4-B059DEBBDC19}.Debug|Any CPU.Build.0 = Debug|Any CPU
		{A1B705B7-3D85-4D79-ABB4-B059DEBBDC19}.Release|Any CPU.ActiveCfg = Release|Any CPU
		{A1B705B7-3D85-4D79-ABB4-B059DEBBDC19}.Release|Any CPU.Build.0 = Release|Any CPU
		{7EF4ECA1-B7F3-4C95-8C44-1E65A9382455}.Debug|Any CPU.ActiveCfg = Debug|Any CPU
		{7EF4ECA1-B7F3-4C95-8C44-1E65A9382455}.Debug|Any CPU.Build.0 = Debug|Any CPU
		{7EF4ECA1-B7F3-4C95-8C44-1E65A9382455}.Release|Any CPU.ActiveCfg = Release|Any CPU
		{7EF4ECA1-B7F3-4C95-8C44-1E65A9382455}.Release|Any CPU.Build.0 = Release|Any CPU
	EndGlobalSection
	GlobalSection(SolutionProperties) = preSolution
		HideSolutionNode = FALSE
	EndGlobalSection
	GlobalSection(NestedProjects) = preSolution
		{CCBED0FB-13E1-43F3-A6E6-427C66EDFFDB} = {EAE50C1D-1F6C-4CE0-8FC2-CFA8DB5F2BE5}
		{796A28D7-B334-4772-93A4-CAA7057934DB} = {EAE50C1D-1F6C-4CE0-8FC2-CFA8DB5F2BE5}
		{790F4891-09E1-420E-A87E-3F48C654C7F7} = {EAE50C1D-1F6C-4CE0-8FC2-CFA8DB5F2BE5}
		{E570EA12-DA93-4E6D-B343-D953E59C85B9} = {EAE50C1D-1F6C-4CE0-8FC2-CFA8DB5F2BE5}
		{A1B705B7-3D85-4D79-ABB4-B059DEBBDC19} = {E83EA7A1-0714-448D-AADC-A5A3094D7651}
		{7EF4ECA1-B7F3-4C95-8C44-1E65A9382455} = {EAE50C1D-1F6C-4CE0-8FC2-CFA8DB5F2BE5}
	EndGlobalSection
EndGlobal
