
Microsoft Visual Studio Solution File, Format Version 12.00
# Visual Studio 15
VisualStudioVersion = 15.0.26228.10
MinimumVisualStudioVersion = 10.0.40219.1
Project("{2150E333-8FDC-42A3-9474-1A3956D46DE8}") = "src", "src", "{EAE50C1D-1F6C-4CE0-8FC2-CFA8DB5F2BE5}"
EndProject
Project("{2150E333-8FDC-42A3-9474-1A3956D46DE8}") = "Solution Items", "Solution Items", "{9B297193-E07F-48CA-A1BD-D49DD77F04E0}"
	ProjectSection(SolutionItems) = preProject
		.editorconfig = .editorconfig
	EndProjectSection
EndProject
Project("{2150E333-8FDC-42A3-9474-1A3956D46DE8}") = "test", "test", "{E83EA7A1-0714-448D-AADC-A5A3094D7651}"
EndProject
Project("{9A19103F-16F7-4668-BE54-9A1E7A4F7556}") = "MailCore", "src\MailCore\MailCore.csproj", "{CCBED0FB-13E1-43F3-A6E6-427C66EDFFDB}"
EndProject
Project("{9A19103F-16F7-4668-BE54-9A1E7A4F7556}") = "Mail.Server", "src\Mail.Server\Mail.Server.csproj", "{790F4891-09E1-420E-A87E-3F48C654C7F7}"
EndProject
Project("{9A19103F-16F7-4668-BE54-9A1E7A4F7556}") = "Utility", "src\Utility\Utility.csproj", "{E570EA12-DA93-4E6D-B343-D953E59C85B9}"
EndProject
Project("{9A19103F-16F7-4668-BE54-9A1E7A4F7556}") = "Utility.Test", "test\Utility.Test\Utility.Test.csproj", "{A1B705B7-3D85-4D79-ABB4-B059DEBBDC19}"
EndProject
Project("{9A19103F-16F7-4668-BE54-9A1E7A4F7556}") = "Mail.FileSystem", "src\Mail.FileSystem\Mail.FileSystem.csproj", "{7EF4ECA1-B7F3-4C95-8C44-1E65A9382455}"
EndProject
Project("{FAE04EC0-301F-11D3-BF4B-00C04F79EFBC}") = "Mail.Smtp.Test", "test\Mail.Smtp.Test\Mail.Smtp.Test.csproj", "{F6B69C78-6384-4AEF-A91A-6CD75AF495F5}"
EndProject
Project("{FAE04EC0-301F-11D3-BF4B-00C04F79EFBC}") = "Mail.FileSystem.Test", "test\Mail.FileSystem.Test\Mail.FileSystem.Test.csproj", "{92C82538-0BFB-4710-A906-FFF8064590F8}"
EndProject
Project("{FAE04EC0-301F-11D3-BF4B-00C04F79EFBC}") = "Mail.Dispatcher.Test", "test\Mail.Dispatcher.Test\Mail.Dispatcher.Test.csproj", "{0EA55CC2-A283-4F8E-8B08-C819F32127D3}"
EndProject
Project("{FAE04EC0-301F-11D3-BF4B-00C04F79EFBC}") = "Mail.Transfer.Test", "test\Mail.Transfer.Test\Mail.Transfer.Test.csproj", "{C1EED450-434B-45DB-8F78-C0F5185FFE44}"
EndProject
Project("{FAE04EC0-301F-11D3-BF4B-00C04F79EFBC}") = "Test.Utilities", "Test.Utilities\Test.Utilities.csproj", "{D65A8764-838E-4337-9DBD-F6E8C096386C}"
EndProject
Global
	GlobalSection(SolutionConfigurationPlatforms) = preSolution
		Debug|Any CPU = Debug|Any CPU
		Release|Any CPU = Release|Any CPU
	EndGlobalSection
	GlobalSection(ProjectConfigurationPlatforms) = postSolution
		{CCBED0FB-13E1-43F3-A6E6-427C66EDFFDB}.Debug|Any CPU.ActiveCfg = Debug|Any CPU
		{CCBED0FB-13E1-43F3-A6E6-427C66EDFFDB}.Debug|Any CPU.Build.0 = Debug|Any CPU
		{CCBED0FB-13E1-43F3-A6E6-427C66EDFFDB}.Release|Any CPU.ActiveCfg = Release|Any CPU
		{CCBED0FB-13E1-43F3-A6E6-427C66EDFFDB}.Release|Any CPU.Build.0 = Release|Any CPU
		{790F4891-09E1-420E-A87E-3F48C654C7F7}.Debug|Any CPU.ActiveCfg = Debug|Any CPU
		{790F4891-09E1-420E-A87E-3F48C654C7F7}.Debug|Any CPU.Build.0 = Debug|Any CPU
		{790F4891-09E1-420E-A87E-3F48C654C7F7}.Release|Any CPU.ActiveCfg = Release|Any CPU
		{790F4891-09E1-420E-A87E-3F48C654C7F7}.Release|Any CPU.Build.0 = Release|Any CPU
		{E570EA12-DA93-4E6D-B343-D953E59C85B9}.Debug|Any CPU.ActiveCfg = Debug|Any CPU
		{E570EA12-DA93-4E6D-B343-D953E59C85B9}.Debug|Any CPU.Build.0 = Debug|Any CPU
		{E570EA12-DA93-4E6D-B343-D953E59C85B9}.Release|Any CPU.ActiveCfg = Release|Any CPU
		{E570EA12-DA93-4E6D-B343-D953E59C85B9}.Release|Any CPU.Build.0 = Release|Any CPU
		{A1B705B7-3D85-4D79-ABB4-B059DEBBDC19}.Debug|Any CPU.ActiveCfg = Debug|Any CPU
		{A1B705B7-3D85-4D79-ABB4-B059DEBBDC19}.Debug|Any CPU.Build.0 = Debug|Any CPU
		{A1B705B7-3D85-4D79-ABB4-B059DEBBDC19}.Release|Any CPU.ActiveCfg = Release|Any CPU
		{A1B705B7-3D85-4D79-ABB4-B059DEBBDC19}.Release|Any CPU.Build.0 = Release|Any CPU
		{7EF4ECA1-B7F3-4C95-8C44-1E65A9382455}.Debug|Any CPU.ActiveCfg = Debug|Any CPU
		{7EF4ECA1-B7F3-4C95-8C44-1E65A9382455}.Debug|Any CPU.Build.0 = Debug|Any CPU
		{7EF4ECA1-B7F3-4C95-8C44-1E65A9382455}.Release|Any CPU.ActiveCfg = Release|Any CPU
		{7EF4ECA1-B7F3-4C95-8C44-1E65A9382455}.Release|Any CPU.Build.0 = Release|Any CPU
		{F6B69C78-6384-4AEF-A91A-6CD75AF495F5}.Debug|Any CPU.ActiveCfg = Debug|Any CPU
		{F6B69C78-6384-4AEF-A91A-6CD75AF495F5}.Debug|Any CPU.Build.0 = Debug|Any CPU
		{F6B69C78-6384-4AEF-A91A-6CD75AF495F5}.Release|Any CPU.ActiveCfg = Release|Any CPU
		{F6B69C78-6384-4AEF-A91A-6CD75AF495F5}.Release|Any CPU.Build.0 = Release|Any CPU
		{92C82538-0BFB-4710-A906-FFF8064590F8}.Debug|Any CPU.ActiveCfg = Debug|Any CPU
		{92C82538-0BFB-4710-A906-FFF8064590F8}.Debug|Any CPU.Build.0 = Debug|Any CPU
		{92C82538-0BFB-4710-A906-FFF8064590F8}.Release|Any CPU.ActiveCfg = Release|Any CPU
		{92C82538-0BFB-4710-A906-FFF8064590F8}.Release|Any CPU.Build.0 = Release|Any CPU
		{0EA55CC2-A283-4F8E-8B08-C819F32127D3}.Debug|Any CPU.ActiveCfg = Debug|Any CPU
		{0EA55CC2-A283-4F8E-8B08-C819F32127D3}.Debug|Any CPU.Build.0 = Debug|Any CPU
		{0EA55CC2-A283-4F8E-8B08-C819F32127D3}.Release|Any CPU.ActiveCfg = Release|Any CPU
		{0EA55CC2-A283-4F8E-8B08-C819F32127D3}.Release|Any CPU.Build.0 = Release|Any CPU
		{C1EED450-434B-45DB-8F78-C0F5185FFE44}.Debug|Any CPU.ActiveCfg = Debug|Any CPU
		{C1EED450-434B-45DB-8F78-C0F5185FFE44}.Debug|Any CPU.Build.0 = Debug|Any CPU
		{C1EED450-434B-45DB-8F78-C0F5185FFE44}.Release|Any CPU.ActiveCfg = Release|Any CPU
		{C1EED450-434B-45DB-8F78-C0F5185FFE44}.Release|Any CPU.Build.0 = Release|Any CPU
		{D65A8764-838E-4337-9DBD-F6E8C096386C}.Debug|Any CPU.ActiveCfg = Debug|Any CPU
		{D65A8764-838E-4337-9DBD-F6E8C096386C}.Debug|Any CPU.Build.0 = Debug|Any CPU
		{D65A8764-838E-4337-9DBD-F6E8C096386C}.Release|Any CPU.ActiveCfg = Release|Any CPU
		{D65A8764-838E-4337-9DBD-F6E8C096386C}.Release|Any CPU.Build.0 = Release|Any CPU
	EndGlobalSection
	GlobalSection(SolutionProperties) = preSolution
		HideSolutionNode = FALSE
	EndGlobalSection
	GlobalSection(NestedProjects) = preSolution
		{CCBED0FB-13E1-43F3-A6E6-427C66EDFFDB} = {EAE50C1D-1F6C-4CE0-8FC2-CFA8DB5F2BE5}
		{790F4891-09E1-420E-A87E-3F48C654C7F7} = {EAE50C1D-1F6C-4CE0-8FC2-CFA8DB5F2BE5}
		{E570EA12-DA93-4E6D-B343-D953E59C85B9} = {EAE50C1D-1F6C-4CE0-8FC2-CFA8DB5F2BE5}
		{A1B705B7-3D85-4D79-ABB4-B059DEBBDC19} = {E83EA7A1-0714-448D-AADC-A5A3094D7651}
		{7EF4ECA1-B7F3-4C95-8C44-1E65A9382455} = {EAE50C1D-1F6C-4CE0-8FC2-CFA8DB5F2BE5}
		{F6B69C78-6384-4AEF-A91A-6CD75AF495F5} = {E83EA7A1-0714-448D-AADC-A5A3094D7651}
		{92C82538-0BFB-4710-A906-FFF8064590F8} = {E83EA7A1-0714-448D-AADC-A5A3094D7651}
		{0EA55CC2-A283-4F8E-8B08-C819F32127D3} = {E83EA7A1-0714-448D-AADC-A5A3094D7651}
		{C1EED450-434B-45DB-8F78-C0F5185FFE44} = {E83EA7A1-0714-448D-AADC-A5A3094D7651}
		{D65A8764-838E-4337-9DBD-F6E8C096386C} = {E83EA7A1-0714-448D-AADC-A5A3094D7651}
	EndGlobalSection
EndGlobal
